// !$*UTF8*$!
{
	archiveVersion = 1;
	classes = {
	};
	objectVersion = 56;
	objects = {

/* Begin PBXBuildFile section */
		9F2D55012AC14FC50003148A /* GrewProgressViewStyle.swift in Sources */ = {isa = PBXBuildFile; fileRef = 9F2D55002AC14FC50003148A /* GrewProgressViewStyle.swift */; };
		9F6893E62ABD856E00B1A712 /* GroupCategoryView.swift in Sources */ = {isa = PBXBuildFile; fileRef = 9F6893E52ABD856E00B1A712 /* GroupCategoryView.swift */; };
		9F6893E82ABD857E00B1A712 /* GroupNameView.swift in Sources */ = {isa = PBXBuildFile; fileRef = 9F6893E72ABD857E00B1A712 /* GroupNameView.swift */; };
		9F6893EA2ABD859300B1A712 /* GroupIsOnlineView.swift in Sources */ = {isa = PBXBuildFile; fileRef = 9F6893E92ABD859300B1A712 /* GroupIsOnlineView.swift */; };
		9F6893EC2ABD85AB00B1A712 /* GroupRecruitView.swift in Sources */ = {isa = PBXBuildFile; fileRef = 9F6893EB2ABD85AB00B1A712 /* GroupRecruitView.swift */; };
		9F6893EE2ABD85BE00B1A712 /* GroupMemberFilterView.swift in Sources */ = {isa = PBXBuildFile; fileRef = 9F6893ED2ABD85BE00B1A712 /* GroupMemberFilterView.swift */; };
		9F6893F02ABD85E900B1A712 /* GroupMaximumMembersView.swift in Sources */ = {isa = PBXBuildFile; fileRef = 9F6893EF2ABD85E900B1A712 /* GroupMaximumMembersView.swift */; };
		9F6893F22ABD863400B1A712 /* GroupCheckFeeView.swift in Sources */ = {isa = PBXBuildFile; fileRef = 9F6893F12ABD863400B1A712 /* GroupCheckFeeView.swift */; };
		9F6893F42ABD865600B1A712 /* GroupAlertView.swift in Sources */ = {isa = PBXBuildFile; fileRef = 9F6893F32ABD865600B1A712 /* GroupAlertView.swift */; };
		9F6893F62ABD868900B1A712 /* GroupAddressView.swift in Sources */ = {isa = PBXBuildFile; fileRef = 9F6893F52ABD868900B1A712 /* GroupAddressView.swift */; };
		9FCB402B2ABC317B00675679 /* CircleRecruitmentApp.swift in Sources */ = {isa = PBXBuildFile; fileRef = 9FCB402A2ABC317B00675679 /* CircleRecruitmentApp.swift */; };
		9FCB402D2ABC317B00675679 /* ContentView.swift in Sources */ = {isa = PBXBuildFile; fileRef = 9FCB402C2ABC317B00675679 /* ContentView.swift */; };
		9FCB402F2ABC317E00675679 /* Assets.xcassets in Resources */ = {isa = PBXBuildFile; fileRef = 9FCB402E2ABC317E00675679 /* Assets.xcassets */; };
		9FCB40322ABC317E00675679 /* Preview Assets.xcassets in Resources */ = {isa = PBXBuildFile; fileRef = 9FCB40312ABC317E00675679 /* Preview Assets.xcassets */; };
		9FCB403A2ABC324300675679 /* Club.swift in Sources */ = {isa = PBXBuildFile; fileRef = 9FCB40392ABC324300675679 /* Club.swift */; };
/* End PBXBuildFile section */

/* Begin PBXFileReference section */
		9F2D55002AC14FC50003148A /* GrewProgressViewStyle.swift */ = {isa = PBXFileReference; lastKnownFileType = sourcecode.swift; path = GrewProgressViewStyle.swift; sourceTree = "<group>"; };
		9F6893E52ABD856E00B1A712 /* GroupCategoryView.swift */ = {isa = PBXFileReference; lastKnownFileType = sourcecode.swift; path = GroupCategoryView.swift; sourceTree = "<group>"; };
		9F6893E72ABD857E00B1A712 /* GroupNameView.swift */ = {isa = PBXFileReference; lastKnownFileType = sourcecode.swift; path = GroupNameView.swift; sourceTree = "<group>"; };
		9F6893E92ABD859300B1A712 /* GroupIsOnlineView.swift */ = {isa = PBXFileReference; lastKnownFileType = sourcecode.swift; path = GroupIsOnlineView.swift; sourceTree = "<group>"; };
		9F6893EB2ABD85AB00B1A712 /* GroupRecruitView.swift */ = {isa = PBXFileReference; lastKnownFileType = sourcecode.swift; path = GroupRecruitView.swift; sourceTree = "<group>"; };
		9F6893ED2ABD85BE00B1A712 /* GroupMemberFilterView.swift */ = {isa = PBXFileReference; lastKnownFileType = sourcecode.swift; path = GroupMemberFilterView.swift; sourceTree = "<group>"; };
		9F6893EF2ABD85E900B1A712 /* GroupMaximumMembersView.swift */ = {isa = PBXFileReference; lastKnownFileType = sourcecode.swift; path = GroupMaximumMembersView.swift; sourceTree = "<group>"; };
		9F6893F12ABD863400B1A712 /* GroupCheckFeeView.swift */ = {isa = PBXFileReference; lastKnownFileType = sourcecode.swift; path = GroupCheckFeeView.swift; sourceTree = "<group>"; };
		9F6893F32ABD865600B1A712 /* GroupAlertView.swift */ = {isa = PBXFileReference; lastKnownFileType = sourcecode.swift; path = GroupAlertView.swift; sourceTree = "<group>"; };
		9F6893F52ABD868900B1A712 /* GroupAddressView.swift */ = {isa = PBXFileReference; lastKnownFileType = sourcecode.swift; path = GroupAddressView.swift; sourceTree = "<group>"; };
		9FCB40272ABC317B00675679 /* CircleRecruitment.app */ = {isa = PBXFileReference; explicitFileType = wrapper.application; includeInIndex = 0; path = CircleRecruitment.app; sourceTree = BUILT_PRODUCTS_DIR; };
		9FCB402A2ABC317B00675679 /* CircleRecruitmentApp.swift */ = {isa = PBXFileReference; lastKnownFileType = sourcecode.swift; path = CircleRecruitmentApp.swift; sourceTree = "<group>"; };
		9FCB402C2ABC317B00675679 /* ContentView.swift */ = {isa = PBXFileReference; lastKnownFileType = sourcecode.swift; path = ContentView.swift; sourceTree = "<group>"; };
		9FCB402E2ABC317E00675679 /* Assets.xcassets */ = {isa = PBXFileReference; lastKnownFileType = folder.assetcatalog; path = Assets.xcassets; sourceTree = "<group>"; };
		9FCB40312ABC317E00675679 /* Preview Assets.xcassets */ = {isa = PBXFileReference; lastKnownFileType = folder.assetcatalog; path = "Preview Assets.xcassets"; sourceTree = "<group>"; };
		9FCB40392ABC324300675679 /* Club.swift */ = {isa = PBXFileReference; lastKnownFileType = sourcecode.swift; path = Club.swift; sourceTree = "<group>"; };
/* End PBXFileReference section */

/* Begin PBXFrameworksBuildPhase section */
		9FCB40242ABC317B00675679 /* Frameworks */ = {
			isa = PBXFrameworksBuildPhase;
			buildActionMask = 2147483647;
			files = (
			);
			runOnlyForDeploymentPostprocessing = 0;
		};
/* End PBXFrameworksBuildPhase section */

/* Begin PBXGroup section */
		9F6893E42ABD852100B1A712 /* View */ = {
			isa = PBXGroup;
			children = (
				9FCB402C2ABC317B00675679 /* ContentView.swift */,
				9F6893E52ABD856E00B1A712 /* GroupCategoryView.swift */,
				9F6893E72ABD857E00B1A712 /* GroupNameView.swift */,
				9F6893E92ABD859300B1A712 /* GroupIsOnlineView.swift */,
				9F6893EB2ABD85AB00B1A712 /* GroupRecruitView.swift */,
				9F6893ED2ABD85BE00B1A712 /* GroupMemberFilterView.swift */,
				9F6893EF2ABD85E900B1A712 /* GroupMaximumMembersView.swift */,
				9F6893F12ABD863400B1A712 /* GroupCheckFeeView.swift */,
				9F6893F32ABD865600B1A712 /* GroupAlertView.swift */,
				9F6893F52ABD868900B1A712 /* GroupAddressView.swift */,
				9F2D55002AC14FC50003148A /* GrewProgressViewStyle.swift */,
			);
			path = View;
			sourceTree = "<group>";
		};
		9FCB401E2ABC317B00675679 = {
			isa = PBXGroup;
			children = (
				9FCB40292ABC317B00675679 /* CircleRecruitment */,
				9FCB40282ABC317B00675679 /* Products */,
			);
			sourceTree = "<group>";
		};
		9FCB40282ABC317B00675679 /* Products */ = {
			isa = PBXGroup;
			children = (
				9FCB40272ABC317B00675679 /* CircleRecruitment.app */,
			);
			name = Products;
			sourceTree = "<group>";
		};
		9FCB40292ABC317B00675679 /* CircleRecruitment */ = {
			isa = PBXGroup;
			children = (
				9FCB402A2ABC317B00675679 /* CircleRecruitmentApp.swift */,
				9FCB40382ABC31D300675679 /* Model */,
				9F6893E42ABD852100B1A712 /* View */,
				9FCB402E2ABC317E00675679 /* Assets.xcassets */,
				9FCB40302ABC317E00675679 /* Preview Content */,
			);
			path = CircleRecruitment;
			sourceTree = "<group>";
		};
		9FCB40302ABC317E00675679 /* Preview Content */ = {
			isa = PBXGroup;
			children = (
				9FCB40312ABC317E00675679 /* Preview Assets.xcassets */,
			);
			path = "Preview Content";
			sourceTree = "<group>";
		};
		9FCB40382ABC31D300675679 /* Model */ = {
			isa = PBXGroup;
			children = (
				9FCB40392ABC324300675679 /* Club.swift */,
			);
			path = Model;
			sourceTree = "<group>";
		};
/* End PBXGroup section */

/* Begin PBXNativeTarget section */
		9FCB40262ABC317B00675679 /* CircleRecruitment */ = {
			isa = PBXNativeTarget;
			buildConfigurationList = 9FCB40352ABC317E00675679 /* Build configuration list for PBXNativeTarget "CircleRecruitment" */;
			buildPhases = (
				9FCB40232ABC317B00675679 /* Sources */,
				9FCB40242ABC317B00675679 /* Frameworks */,
				9FCB40252ABC317B00675679 /* Resources */,
			);
			buildRules = (
			);
			dependencies = (
			);
			name = CircleRecruitment;
			productName = CircleRecruitment;
			productReference = 9FCB40272ABC317B00675679 /* CircleRecruitment.app */;
			productType = "com.apple.product-type.application";
		};
/* End PBXNativeTarget section */

/* Begin PBXProject section */
		9FCB401F2ABC317B00675679 /* Project object */ = {
			isa = PBXProject;
			attributes = {
				BuildIndependentTargetsInParallel = 1;
				LastSwiftUpdateCheck = 1500;
				LastUpgradeCheck = 1500;
				TargetAttributes = {
					9FCB40262ABC317B00675679 = {
						CreatedOnToolsVersion = 15.0;
					};
				};
			};
			buildConfigurationList = 9FCB40222ABC317B00675679 /* Build configuration list for PBXProject "CircleRecruitment" */;
			compatibilityVersion = "Xcode 14.0";
			developmentRegion = en;
			hasScannedForEncodings = 0;
			knownRegions = (
				en,
				Base,
			);
			mainGroup = 9FCB401E2ABC317B00675679;
			productRefGroup = 9FCB40282ABC317B00675679 /* Products */;
			projectDirPath = "";
			projectRoot = "";
			targets = (
				9FCB40262ABC317B00675679 /* CircleRecruitment */,
			);
		};
/* End PBXProject section */

/* Begin PBXResourcesBuildPhase section */
		9FCB40252ABC317B00675679 /* Resources */ = {
			isa = PBXResourcesBuildPhase;
			buildActionMask = 2147483647;
			files = (
				9FCB40322ABC317E00675679 /* Preview Assets.xcassets in Resources */,
				9FCB402F2ABC317E00675679 /* Assets.xcassets in Resources */,
			);
			runOnlyForDeploymentPostprocessing = 0;
		};
/* End PBXResourcesBuildPhase section */

/* Begin PBXSourcesBuildPhase section */
		9FCB40232ABC317B00675679 /* Sources */ = {
			isa = PBXSourcesBuildPhase;
			buildActionMask = 2147483647;
			files = (
				9F6893F42ABD865600B1A712 /* GroupAlertView.swift in Sources */,
				9F6893E62ABD856E00B1A712 /* GroupCategoryView.swift in Sources */,
				9F6893F02ABD85E900B1A712 /* GroupMaximumMembersView.swift in Sources */,
				9F6893E82ABD857E00B1A712 /* GroupNameView.swift in Sources */,
				9FCB403A2ABC324300675679 /* Club.swift in Sources */,
				9F6893EA2ABD859300B1A712 /* GroupIsOnlineView.swift in Sources */,
				9F6893EE2ABD85BE00B1A712 /* GroupMemberFilterView.swift in Sources */,
				9FCB402D2ABC317B00675679 /* ContentView.swift in Sources */,
				9FCB402B2ABC317B00675679 /* CircleRecruitmentApp.swift in Sources */,
				9F6893F22ABD863400B1A712 /* GroupCheckFeeView.swift in Sources */,
				9F2D55012AC14FC50003148A /* GrewProgressViewStyle.swift in Sources */,
				9F6893EC2ABD85AB00B1A712 /* GroupRecruitView.swift in Sources */,
				9F6893F62ABD868900B1A712 /* GroupAddressView.swift in Sources */,
			);
			runOnlyForDeploymentPostprocessing = 0;
		};
/* End PBXSourcesBuildPhase section */

/* Begin XCBuildConfiguration section */
		9FCB40332ABC317E00675679 /* Debug */ = {
			isa = XCBuildConfiguration;
			buildSettings = {
				ALWAYS_SEARCH_USER_PATHS = NO;
				ASSETCATALOG_COMPILER_GENERATE_SWIFT_ASSET_SYMBOL_EXTENSIONS = YES;
				CLANG_ANALYZER_NONNULL = YES;
				CLANG_ANALYZER_NUMBER_OBJECT_CONVERSION = YES_AGGRESSIVE;
				CLANG_CXX_LANGUAGE_STANDARD = "gnu++20";
				CLANG_ENABLE_MODULES = YES;
				CLANG_ENABLE_OBJC_ARC = YES;
				CLANG_ENABLE_OBJC_WEAK = YES;
				CLANG_WARN_BLOCK_CAPTURE_AUTORELEASING = YES;
				CLANG_WARN_BOOL_CONVERSION = YES;
				CLANG_WARN_COMMA = YES;
				CLANG_WARN_CONSTANT_CONVERSION = YES;
				CLANG_WARN_DEPRECATED_OBJC_IMPLEMENTATIONS = YES;
				CLANG_WARN_DIRECT_OBJC_ISA_USAGE = YES_ERROR;
				CLANG_WARN_DOCUMENTATION_COMMENTS = YES;
				CLANG_WARN_EMPTY_BODY = YES;
				CLANG_WARN_ENUM_CONVERSION = YES;
				CLANG_WARN_INFINITE_RECURSION = YES;
				CLANG_WARN_INT_CONVERSION = YES;
				CLANG_WARN_NON_LITERAL_NULL_CONVERSION = YES;
				CLANG_WARN_OBJC_IMPLICIT_RETAIN_SELF = YES;
				CLANG_WARN_OBJC_LITERAL_CONVERSION = YES;
				CLANG_WARN_OBJC_ROOT_CLASS = YES_ERROR;
				CLANG_WARN_QUOTED_INCLUDE_IN_FRAMEWORK_HEADER = YES;
				CLANG_WARN_RANGE_LOOP_ANALYSIS = YES;
				CLANG_WARN_STRICT_PROTOTYPES = YES;
				CLANG_WARN_SUSPICIOUS_MOVE = YES;
				CLANG_WARN_UNGUARDED_AVAILABILITY = YES_AGGRESSIVE;
				CLANG_WARN_UNREACHABLE_CODE = YES;
				CLANG_WARN__DUPLICATE_METHOD_MATCH = YES;
				COPY_PHASE_STRIP = NO;
				DEBUG_INFORMATION_FORMAT = dwarf;
				ENABLE_STRICT_OBJC_MSGSEND = YES;
				ENABLE_TESTABILITY = YES;
				ENABLE_USER_SCRIPT_SANDBOXING = YES;
				GCC_C_LANGUAGE_STANDARD = gnu17;
				GCC_DYNAMIC_NO_PIC = NO;
				GCC_NO_COMMON_BLOCKS = YES;
				GCC_OPTIMIZATION_LEVEL = 0;
				GCC_PREPROCESSOR_DEFINITIONS = (
					"DEBUG=1",
					"$(inherited)",
				);
				GCC_WARN_64_TO_32_BIT_CONVERSION = YES;
				GCC_WARN_ABOUT_RETURN_TYPE = YES_ERROR;
				GCC_WARN_UNDECLARED_SELECTOR = YES;
				GCC_WARN_UNINITIALIZED_AUTOS = YES_AGGRESSIVE;
				GCC_WARN_UNUSED_FUNCTION = YES;
				GCC_WARN_UNUSED_VARIABLE = YES;
				IPHONEOS_DEPLOYMENT_TARGET = 17.0;
				LOCALIZATION_PREFERS_STRING_CATALOGS = YES;
				MTL_ENABLE_DEBUG_INFO = INCLUDE_SOURCE;
				MTL_FAST_MATH = YES;
				ONLY_ACTIVE_ARCH = YES;
				SDKROOT = iphoneos;
				SWIFT_ACTIVE_COMPILATION_CONDITIONS = "DEBUG $(inherited)";
				SWIFT_OPTIMIZATION_LEVEL = "-Onone";
			};
			name = Debug;
		};
		9FCB40342ABC317E00675679 /* Release */ = {
			isa = XCBuildConfiguration;
			buildSettings = {
				ALWAYS_SEARCH_USER_PATHS = NO;
				ASSETCATALOG_COMPILER_GENERATE_SWIFT_ASSET_SYMBOL_EXTENSIONS = YES;
				CLANG_ANALYZER_NONNULL = YES;
				CLANG_ANALYZER_NUMBER_OBJECT_CONVERSION = YES_AGGRESSIVE;
				CLANG_CXX_LANGUAGE_STANDARD = "gnu++20";
				CLANG_ENABLE_MODULES = YES;
				CLANG_ENABLE_OBJC_ARC = YES;
				CLANG_ENABLE_OBJC_WEAK = YES;
				CLANG_WARN_BLOCK_CAPTURE_AUTORELEASING = YES;
				CLANG_WARN_BOOL_CONVERSION = YES;
				CLANG_WARN_COMMA = YES;
				CLANG_WARN_CONSTANT_CONVERSION = YES;
				CLANG_WARN_DEPRECATED_OBJC_IMPLEMENTATIONS = YES;
				CLANG_WARN_DIRECT_OBJC_ISA_USAGE = YES_ERROR;
				CLANG_WARN_DOCUMENTATION_COMMENTS = YES;
				CLANG_WARN_EMPTY_BODY = YES;
				CLANG_WARN_ENUM_CONVERSION = YES;
				CLANG_WARN_INFINITE_RECURSION = YES;
				CLANG_WARN_INT_CONVERSION = YES;
				CLANG_WARN_NON_LITERAL_NULL_CONVERSION = YES;
				CLANG_WARN_OBJC_IMPLICIT_RETAIN_SELF = YES;
				CLANG_WARN_OBJC_LITERAL_CONVERSION = YES;
				CLANG_WARN_OBJC_ROOT_CLASS = YES_ERROR;
				CLANG_WARN_QUOTED_INCLUDE_IN_FRAMEWORK_HEADER = YES;
				CLANG_WARN_RANGE_LOOP_ANALYSIS = YES;
				CLANG_WARN_STRICT_PROTOTYPES = YES;
				CLANG_WARN_SUSPICIOUS_MOVE = YES;
				CLANG_WARN_UNGUARDED_AVAILABILITY = YES_AGGRESSIVE;
				CLANG_WARN_UNREACHABLE_CODE = YES;
				CLANG_WARN__DUPLICATE_METHOD_MATCH = YES;
				COPY_PHASE_STRIP = NO;
				DEBUG_INFORMATION_FORMAT = "dwarf-with-dsym";
				ENABLE_NS_ASSERTIONS = NO;
				ENABLE_STRICT_OBJC_MSGSEND = YES;
				ENABLE_USER_SCRIPT_SANDBOXING = YES;
				GCC_C_LANGUAGE_STANDARD = gnu17;
				GCC_NO_COMMON_BLOCKS = YES;
				GCC_WARN_64_TO_32_BIT_CONVERSION = YES;
				GCC_WARN_ABOUT_RETURN_TYPE = YES_ERROR;
				GCC_WARN_UNDECLARED_SELECTOR = YES;
				GCC_WARN_UNINITIALIZED_AUTOS = YES_AGGRESSIVE;
				GCC_WARN_UNUSED_FUNCTION = YES;
				GCC_WARN_UNUSED_VARIABLE = YES;
				IPHONEOS_DEPLOYMENT_TARGET = 17.0;
				LOCALIZATION_PREFERS_STRING_CATALOGS = YES;
				MTL_ENABLE_DEBUG_INFO = NO;
				MTL_FAST_MATH = YES;
				SDKROOT = iphoneos;
				SWIFT_COMPILATION_MODE = wholemodule;
				VALIDATE_PRODUCT = YES;
			};
			name = Release;
		};
		9FCB40362ABC317E00675679 /* Debug */ = {
			isa = XCBuildConfiguration;
			buildSettings = {
				ASSETCATALOG_COMPILER_APPICON_NAME = AppIcon;
				ASSETCATALOG_COMPILER_GLOBAL_ACCENT_COLOR_NAME = AccentColor;
				CODE_SIGN_STYLE = Automatic;
				CURRENT_PROJECT_VERSION = 1;
				DEVELOPMENT_ASSET_PATHS = "\"CircleRecruitment/Preview Content\"";
				DEVELOPMENT_TEAM = 5FQ638367L;
				ENABLE_PREVIEWS = YES;
				GENERATE_INFOPLIST_FILE = YES;
				INFOPLIST_KEY_UIApplicationSceneManifest_Generation = YES;
				INFOPLIST_KEY_UIApplicationSupportsIndirectInputEvents = YES;
				INFOPLIST_KEY_UILaunchScreen_Generation = YES;
				INFOPLIST_KEY_UISupportedInterfaceOrientations_iPad = "UIInterfaceOrientationPortrait UIInterfaceOrientationPortraitUpsideDown UIInterfaceOrientationLandscapeLeft UIInterfaceOrientationLandscapeRight";
				INFOPLIST_KEY_UISupportedInterfaceOrientations_iPhone = "UIInterfaceOrientationPortrait UIInterfaceOrientationLandscapeLeft UIInterfaceOrientationLandscapeRight";
				LD_RUNPATH_SEARCH_PATHS = (
					"$(inherited)",
					"@executable_path/Frameworks",
				);
				MARKETING_VERSION = 1.0;
				PRODUCT_BUNDLE_IDENTIFIER = com.kangho.CircleRecruitment;
				PRODUCT_NAME = "$(TARGET_NAME)";
				SWIFT_EMIT_LOC_STRINGS = YES;
				SWIFT_VERSION = 5.0;
				TARGETED_DEVICE_FAMILY = "1,2";
			};
			name = Debug;
		};
		9FCB40372ABC317E00675679 /* Release */ = {
			isa = XCBuildConfiguration;
			buildSettings = {
				ASSETCATALOG_COMPILER_APPICON_NAME = AppIcon;
				ASSETCATALOG_COMPILER_GLOBAL_ACCENT_COLOR_NAME = AccentColor;
				CODE_SIGN_STYLE = Automatic;
				CURRENT_PROJECT_VERSION = 1;
				DEVELOPMENT_ASSET_PATHS = "\"CircleRecruitment/Preview Content\"";
				DEVELOPMENT_TEAM = 5FQ638367L;
				ENABLE_PREVIEWS = YES;
				GENERATE_INFOPLIST_FILE = YES;
				INFOPLIST_KEY_UIApplicationSceneManifest_Generation = YES;
				INFOPLIST_KEY_UIApplicationSupportsIndirectInputEvents = YES;
				INFOPLIST_KEY_UILaunchScreen_Generation = YES;
				INFOPLIST_KEY_UISupportedInterfaceOrientations_iPad = "UIInterfaceOrientationPortrait UIInterfaceOrientationPortraitUpsideDown UIInterfaceOrientationLandscapeLeft UIInterfaceOrientationLandscapeRight";
				INFOPLIST_KEY_UISupportedInterfaceOrientations_iPhone = "UIInterfaceOrientationPortrait UIInterfaceOrientationLandscapeLeft UIInterfaceOrientationLandscapeRight";
				LD_RUNPATH_SEARCH_PATHS = (
					"$(inherited)",
					"@executable_path/Frameworks",
				);
				MARKETING_VERSION = 1.0;
				PRODUCT_BUNDLE_IDENTIFIER = com.kangho.CircleRecruitment;
				PRODUCT_NAME = "$(TARGET_NAME)";
				SWIFT_EMIT_LOC_STRINGS = YES;
				SWIFT_VERSION = 5.0;
				TARGETED_DEVICE_FAMILY = "1,2";
			};
			name = Release;
		};
/* End XCBuildConfiguration section */

/* Begin XCConfigurationList section */
		9FCB40222ABC317B00675679 /* Build configuration list for PBXProject "CircleRecruitment" */ = {
			isa = XCConfigurationList;
			buildConfigurations = (
				9FCB40332ABC317E00675679 /* Debug */,
				9FCB40342ABC317E00675679 /* Release */,
			);
			defaultConfigurationIsVisible = 0;
			defaultConfigurationName = Release;
		};
		9FCB40352ABC317E00675679 /* Build configuration list for PBXNativeTarget "CircleRecruitment" */ = {
			isa = XCConfigurationList;
			buildConfigurations = (
				9FCB40362ABC317E00675679 /* Debug */,
				9FCB40372ABC317E00675679 /* Release */,
			);
			defaultConfigurationIsVisible = 0;
			defaultConfigurationName = Release;
		};
/* End XCConfigurationList section */
	};
	rootObject = 9FCB401F2ABC317B00675679 /* Project object */;
}
