// !$*UTF8*$!
{
	archiveVersion = 1;
	classes = {
	};
	objectVersion = 56;
	objects = {

/* Begin PBXBuildFile section */
		9F2D55012AC14FC50003148A /* GrewProgressViewStyle.swift in Sources */ = {isa = PBXBuildFile; fileRef = 9F2D55002AC14FC50003148A /* GrewProgressViewStyle.swift */; };
		9F6893E62ABD856E00B1A712 /* GroupCategoryView.swift in Sources */ = {isa = PBXBuildFile; fileRef = 9F6893E52ABD856E00B1A712 /* GroupCategoryView.swift */; };
		9F6893E82ABD857E00B1A712 /* GroupNameView.swift in Sources */ = {isa = PBXBuildFile; fileRef = 9F6893E72ABD857E00B1A712 /* GroupNameView.swift */; };
		9F6893F02ABD85E900B1A712 /* GroupMembersEditView.swift in Sources */ = {isa = PBXBuildFile; fileRef = 9F6893EF2ABD85E900B1A712 /* GroupMembersEditView.swift */; };
		9F6893F22ABD863400B1A712 /* GroupCheckFeeView.swift in Sources */ = {isa = PBXBuildFile; fileRef = 9F6893F12ABD863400B1A712 /* GroupCheckFeeView.swift */; };
		9F6893F42ABD865600B1A712 /* GroupAlertView.swift in Sources */ = {isa = PBXBuildFile; fileRef = 9F6893F32ABD865600B1A712 /* GroupAlertView.swift */; };
		9F6893F62ABD868900B1A712 /* GroupAddressView.swift in Sources */ = {isa = PBXBuildFile; fileRef = 9F6893F52ABD868900B1A712 /* GroupAddressView.swift */; };
		9FCB402B2ABC317B00675679 /* CircleRecruitmentApp.swift in Sources */ = {isa = PBXBuildFile; fileRef = 9FCB402A2ABC317B00675679 /* CircleRecruitmentApp.swift */; };
		9FCB402D2ABC317B00675679 /* ContentView.swift in Sources */ = {isa = PBXBuildFile; fileRef = 9FCB402C2ABC317B00675679 /* ContentView.swift */; };
		9FCB402F2ABC317E00675679 /* Assets.xcassets in Resources */ = {isa = PBXBuildFile; fileRef = 9FCB402E2ABC317E00675679 /* Assets.xcassets */; };
		9FCB40322ABC317E00675679 /* Preview Assets.xcassets in Resources */ = {isa = PBXBuildFile; fileRef = 9FCB40312ABC317E00675679 /* Preview Assets.xcassets */; };
		9FCB403A2ABC324300675679 /* GroupInfo.swift in Sources */ = {isa = PBXBuildFile; fileRef = 9FCB40392ABC324300675679 /* GroupInfo.swift */; };
		9FDD2E222AC40090002A1896 /* LocationView.swift in Sources */ = {isa = PBXBuildFile; fileRef = 9FDD2E212AC40090002A1896 /* LocationView.swift */; };
		9FDD2E242AC41591002A1896 /* GroupInfoViewModel.swift in Sources */ = {isa = PBXBuildFile; fileRef = 9FDD2E232AC41591002A1896 /* GroupInfoViewModel.swift */; };
		9FDD2E262AC41C68002A1896 /* GoogleService-Info.plist in Resources */ = {isa = PBXBuildFile; fileRef = 9FDD2E252AC41C68002A1896 /* GoogleService-Info.plist */; };
		9FDD2E292AC41D24002A1896 /* FirebaseAnalytics in Frameworks */ = {isa = PBXBuildFile; productRef = 9FDD2E282AC41D24002A1896 /* FirebaseAnalytics */; };
		9FDD2E2B2AC41D24002A1896 /* FirebaseAnalyticsOnDeviceConversion in Frameworks */ = {isa = PBXBuildFile; productRef = 9FDD2E2A2AC41D24002A1896 /* FirebaseAnalyticsOnDeviceConversion */; };
		9FDD2E2D2AC41D24002A1896 /* FirebaseAnalyticsSwift in Frameworks */ = {isa = PBXBuildFile; productRef = 9FDD2E2C2AC41D24002A1896 /* FirebaseAnalyticsSwift */; };
		9FDD2E2F2AC41D24002A1896 /* FirebaseAnalyticsWithoutAdIdSupport in Frameworks */ = {isa = PBXBuildFile; productRef = 9FDD2E2E2AC41D24002A1896 /* FirebaseAnalyticsWithoutAdIdSupport */; };
		9FDD2E312AC41D24002A1896 /* FirebaseAppCheck in Frameworks */ = {isa = PBXBuildFile; productRef = 9FDD2E302AC41D24002A1896 /* FirebaseAppCheck */; };
		9FDD2E332AC41D24002A1896 /* FirebaseAppDistribution-Beta in Frameworks */ = {isa = PBXBuildFile; productRef = 9FDD2E322AC41D24002A1896 /* FirebaseAppDistribution-Beta */; };
		9FDD2E352AC41D24002A1896 /* FirebaseAuth in Frameworks */ = {isa = PBXBuildFile; productRef = 9FDD2E342AC41D24002A1896 /* FirebaseAuth */; };
		9FDD2E372AC41D24002A1896 /* FirebaseAuthCombine-Community in Frameworks */ = {isa = PBXBuildFile; productRef = 9FDD2E362AC41D24002A1896 /* FirebaseAuthCombine-Community */; };
		9FDD2E392AC41D24002A1896 /* FirebaseCrashlytics in Frameworks */ = {isa = PBXBuildFile; productRef = 9FDD2E382AC41D24002A1896 /* FirebaseCrashlytics */; };
		9FDD2E3B2AC41D24002A1896 /* FirebaseDatabase in Frameworks */ = {isa = PBXBuildFile; productRef = 9FDD2E3A2AC41D24002A1896 /* FirebaseDatabase */; };
		9FDD2E3D2AC41D24002A1896 /* FirebaseDatabaseSwift in Frameworks */ = {isa = PBXBuildFile; productRef = 9FDD2E3C2AC41D24002A1896 /* FirebaseDatabaseSwift */; };
		9FDD2E3F2AC41D24002A1896 /* FirebaseDynamicLinks in Frameworks */ = {isa = PBXBuildFile; productRef = 9FDD2E3E2AC41D24002A1896 /* FirebaseDynamicLinks */; };
		9FDD2E412AC41D24002A1896 /* FirebaseFirestore in Frameworks */ = {isa = PBXBuildFile; productRef = 9FDD2E402AC41D24002A1896 /* FirebaseFirestore */; };
		9FDD2E432AC41D24002A1896 /* FirebaseFirestoreCombine-Community in Frameworks */ = {isa = PBXBuildFile; productRef = 9FDD2E422AC41D24002A1896 /* FirebaseFirestoreCombine-Community */; };
		9FDD2E452AC41D24002A1896 /* FirebaseFirestoreSwift in Frameworks */ = {isa = PBXBuildFile; productRef = 9FDD2E442AC41D24002A1896 /* FirebaseFirestoreSwift */; };
		9FDD2E472AC41D24002A1896 /* FirebaseFunctions in Frameworks */ = {isa = PBXBuildFile; productRef = 9FDD2E462AC41D24002A1896 /* FirebaseFunctions */; };
		9FDD2E492AC41D24002A1896 /* FirebaseFunctionsCombine-Community in Frameworks */ = {isa = PBXBuildFile; productRef = 9FDD2E482AC41D24002A1896 /* FirebaseFunctionsCombine-Community */; };
		9FDD2E4B2AC41D24002A1896 /* FirebaseInAppMessaging-Beta in Frameworks */ = {isa = PBXBuildFile; productRef = 9FDD2E4A2AC41D24002A1896 /* FirebaseInAppMessaging-Beta */; };
		9FDD2E4D2AC41D24002A1896 /* FirebaseInAppMessagingSwift-Beta in Frameworks */ = {isa = PBXBuildFile; productRef = 9FDD2E4C2AC41D24002A1896 /* FirebaseInAppMessagingSwift-Beta */; };
		9FDD2E4F2AC41D24002A1896 /* FirebaseInstallations in Frameworks */ = {isa = PBXBuildFile; productRef = 9FDD2E4E2AC41D24002A1896 /* FirebaseInstallations */; };
		9FDD2E512AC41D24002A1896 /* FirebaseMLModelDownloader in Frameworks */ = {isa = PBXBuildFile; productRef = 9FDD2E502AC41D24002A1896 /* FirebaseMLModelDownloader */; };
		9FDD2E532AC41D24002A1896 /* FirebaseMessaging in Frameworks */ = {isa = PBXBuildFile; productRef = 9FDD2E522AC41D24002A1896 /* FirebaseMessaging */; };
		9FDD2E552AC41D24002A1896 /* FirebasePerformance in Frameworks */ = {isa = PBXBuildFile; productRef = 9FDD2E542AC41D24002A1896 /* FirebasePerformance */; };
		9FDD2E572AC41D24002A1896 /* FirebaseRemoteConfig in Frameworks */ = {isa = PBXBuildFile; productRef = 9FDD2E562AC41D24002A1896 /* FirebaseRemoteConfig */; };
		9FDD2E592AC41D24002A1896 /* FirebaseRemoteConfigSwift in Frameworks */ = {isa = PBXBuildFile; productRef = 9FDD2E582AC41D24002A1896 /* FirebaseRemoteConfigSwift */; };
		9FDD2E5B2AC41D24002A1896 /* FirebaseStorage in Frameworks */ = {isa = PBXBuildFile; productRef = 9FDD2E5A2AC41D24002A1896 /* FirebaseStorage */; };
		9FDD2E5D2AC41D24002A1896 /* FirebaseStorageCombine-Community in Frameworks */ = {isa = PBXBuildFile; productRef = 9FDD2E5C2AC41D24002A1896 /* FirebaseStorageCombine-Community */; };
/* End PBXBuildFile section */

/* Begin PBXFileReference section */
		9F2D55002AC14FC50003148A /* GrewProgressViewStyle.swift */ = {isa = PBXFileReference; lastKnownFileType = sourcecode.swift; path = GrewProgressViewStyle.swift; sourceTree = "<group>"; };
		9F6893E52ABD856E00B1A712 /* GroupCategoryView.swift */ = {isa = PBXFileReference; lastKnownFileType = sourcecode.swift; path = GroupCategoryView.swift; sourceTree = "<group>"; };
		9F6893E72ABD857E00B1A712 /* GroupNameView.swift */ = {isa = PBXFileReference; lastKnownFileType = sourcecode.swift; path = GroupNameView.swift; sourceTree = "<group>"; };
		9F6893EF2ABD85E900B1A712 /* GroupMembersEditView.swift */ = {isa = PBXFileReference; lastKnownFileType = sourcecode.swift; path = GroupMembersEditView.swift; sourceTree = "<group>"; };
		9F6893F12ABD863400B1A712 /* GroupCheckFeeView.swift */ = {isa = PBXFileReference; lastKnownFileType = sourcecode.swift; path = GroupCheckFeeView.swift; sourceTree = "<group>"; };
		9F6893F32ABD865600B1A712 /* GroupAlertView.swift */ = {isa = PBXFileReference; lastKnownFileType = sourcecode.swift; path = GroupAlertView.swift; sourceTree = "<group>"; };
		9F6893F52ABD868900B1A712 /* GroupAddressView.swift */ = {isa = PBXFileReference; lastKnownFileType = sourcecode.swift; path = GroupAddressView.swift; sourceTree = "<group>"; };
		9FCB40272ABC317B00675679 /* CircleRecruitment.app */ = {isa = PBXFileReference; explicitFileType = wrapper.application; includeInIndex = 0; path = CircleRecruitment.app; sourceTree = BUILT_PRODUCTS_DIR; };
		9FCB402A2ABC317B00675679 /* CircleRecruitmentApp.swift */ = {isa = PBXFileReference; lastKnownFileType = sourcecode.swift; path = CircleRecruitmentApp.swift; sourceTree = "<group>"; };
		9FCB402C2ABC317B00675679 /* ContentView.swift */ = {isa = PBXFileReference; lastKnownFileType = sourcecode.swift; path = ContentView.swift; sourceTree = "<group>"; };
		9FCB402E2ABC317E00675679 /* Assets.xcassets */ = {isa = PBXFileReference; lastKnownFileType = folder.assetcatalog; path = Assets.xcassets; sourceTree = "<group>"; };
		9FCB40312ABC317E00675679 /* Preview Assets.xcassets */ = {isa = PBXFileReference; lastKnownFileType = folder.assetcatalog; path = "Preview Assets.xcassets"; sourceTree = "<group>"; };
		9FCB40392ABC324300675679 /* GroupInfo.swift */ = {isa = PBXFileReference; lastKnownFileType = sourcecode.swift; path = GroupInfo.swift; sourceTree = "<group>"; };
		9FDD2E212AC40090002A1896 /* LocationView.swift */ = {isa = PBXFileReference; fileEncoding = 4; lastKnownFileType = sourcecode.swift; path = LocationView.swift; sourceTree = "<group>"; };
		9FDD2E232AC41591002A1896 /* GroupInfoViewModel.swift */ = {isa = PBXFileReference; lastKnownFileType = sourcecode.swift; path = GroupInfoViewModel.swift; sourceTree = "<group>"; };
		9FDD2E252AC41C68002A1896 /* GoogleService-Info.plist */ = {isa = PBXFileReference; fileEncoding = 4; lastKnownFileType = text.plist.xml; path = "GoogleService-Info.plist"; sourceTree = "<group>"; };
/* End PBXFileReference section */

/* Begin PBXFrameworksBuildPhase section */
		9FCB40242ABC317B00675679 /* Frameworks */ = {
			isa = PBXFrameworksBuildPhase;
			buildActionMask = 2147483647;
			files = (
				9FDD2E3B2AC41D24002A1896 /* FirebaseDatabase in Frameworks */,
				9FDD2E492AC41D24002A1896 /* FirebaseFunctionsCombine-Community in Frameworks */,
				9FDD2E412AC41D24002A1896 /* FirebaseFirestore in Frameworks */,
				9FDD2E2D2AC41D24002A1896 /* FirebaseAnalyticsSwift in Frameworks */,
				9FDD2E292AC41D24002A1896 /* FirebaseAnalytics in Frameworks */,
				9FDD2E2B2AC41D24002A1896 /* FirebaseAnalyticsOnDeviceConversion in Frameworks */,
				9FDD2E512AC41D24002A1896 /* FirebaseMLModelDownloader in Frameworks */,
				9FDD2E452AC41D24002A1896 /* FirebaseFirestoreSwift in Frameworks */,
				9FDD2E312AC41D24002A1896 /* FirebaseAppCheck in Frameworks */,
				9FDD2E2F2AC41D24002A1896 /* FirebaseAnalyticsWithoutAdIdSupport in Frameworks */,
				9FDD2E352AC41D24002A1896 /* FirebaseAuth in Frameworks */,
				9FDD2E392AC41D24002A1896 /* FirebaseCrashlytics in Frameworks */,
				9FDD2E592AC41D24002A1896 /* FirebaseRemoteConfigSwift in Frameworks */,
				9FDD2E4B2AC41D24002A1896 /* FirebaseInAppMessaging-Beta in Frameworks */,
				9FDD2E3D2AC41D24002A1896 /* FirebaseDatabaseSwift in Frameworks */,
				9FDD2E472AC41D24002A1896 /* FirebaseFunctions in Frameworks */,
				9FDD2E5D2AC41D24002A1896 /* FirebaseStorageCombine-Community in Frameworks */,
				9FDD2E572AC41D24002A1896 /* FirebaseRemoteConfig in Frameworks */,
				9FDD2E332AC41D24002A1896 /* FirebaseAppDistribution-Beta in Frameworks */,
				9FDD2E372AC41D24002A1896 /* FirebaseAuthCombine-Community in Frameworks */,
				9FDD2E552AC41D24002A1896 /* FirebasePerformance in Frameworks */,
				9FDD2E4D2AC41D24002A1896 /* FirebaseInAppMessagingSwift-Beta in Frameworks */,
				9FDD2E5B2AC41D24002A1896 /* FirebaseStorage in Frameworks */,
				9FDD2E3F2AC41D24002A1896 /* FirebaseDynamicLinks in Frameworks */,
				9FDD2E432AC41D24002A1896 /* FirebaseFirestoreCombine-Community in Frameworks */,
				9FDD2E532AC41D24002A1896 /* FirebaseMessaging in Frameworks */,
				9FDD2E4F2AC41D24002A1896 /* FirebaseInstallations in Frameworks */,
			);
			runOnlyForDeploymentPostprocessing = 0;
		};
/* End PBXFrameworksBuildPhase section */

/* Begin PBXGroup section */
		9F6893E42ABD852100B1A712 /* View */ = {
			isa = PBXGroup;
			children = (
				9FCB402C2ABC317B00675679 /* ContentView.swift */,
				9F6893E52ABD856E00B1A712 /* GroupCategoryView.swift */,
				9F6893E72ABD857E00B1A712 /* GroupNameView.swift */,
				9F6893EF2ABD85E900B1A712 /* GroupMembersEditView.swift */,
				9F6893F12ABD863400B1A712 /* GroupCheckFeeView.swift */,
				9F6893F32ABD865600B1A712 /* GroupAlertView.swift */,
				9F6893F52ABD868900B1A712 /* GroupAddressView.swift */,
				9F2D55002AC14FC50003148A /* GrewProgressViewStyle.swift */,
				9FDD2E212AC40090002A1896 /* LocationView.swift */,
			);
			path = View;
			sourceTree = "<group>";
		};
		9FCB401E2ABC317B00675679 = {
			isa = PBXGroup;
			children = (
				9FDD2E252AC41C68002A1896 /* GoogleService-Info.plist */,
				9FCB40292ABC317B00675679 /* CircleRecruitment */,
				9FCB40282ABC317B00675679 /* Products */,
			);
			sourceTree = "<group>";
		};
		9FCB40282ABC317B00675679 /* Products */ = {
			isa = PBXGroup;
			children = (
				9FCB40272ABC317B00675679 /* CircleRecruitment.app */,
			);
			name = Products;
			sourceTree = "<group>";
		};
		9FCB40292ABC317B00675679 /* CircleRecruitment */ = {
			isa = PBXGroup;
			children = (
				9FCB402A2ABC317B00675679 /* CircleRecruitmentApp.swift */,
				9FCB40382ABC31D300675679 /* Model */,
				9F6893E42ABD852100B1A712 /* View */,
				9FCB402E2ABC317E00675679 /* Assets.xcassets */,
				9FCB40302ABC317E00675679 /* Preview Content */,
			);
			path = CircleRecruitment;
			sourceTree = "<group>";
		};
		9FCB40302ABC317E00675679 /* Preview Content */ = {
			isa = PBXGroup;
			children = (
				9FCB40312ABC317E00675679 /* Preview Assets.xcassets */,
			);
			path = "Preview Content";
			sourceTree = "<group>";
		};
		9FCB40382ABC31D300675679 /* Model */ = {
			isa = PBXGroup;
			children = (
				9FCB40392ABC324300675679 /* GroupInfo.swift */,
				9FDD2E232AC41591002A1896 /* GroupInfoViewModel.swift */,
			);
			path = Model;
			sourceTree = "<group>";
		};
/* End PBXGroup section */

/* Begin PBXNativeTarget section */
		9FCB40262ABC317B00675679 /* CircleRecruitment */ = {
			isa = PBXNativeTarget;
			buildConfigurationList = 9FCB40352ABC317E00675679 /* Build configuration list for PBXNativeTarget "CircleRecruitment" */;
			buildPhases = (
				9FCB40232ABC317B00675679 /* Sources */,
				9FCB40242ABC317B00675679 /* Frameworks */,
				9FCB40252ABC317B00675679 /* Resources */,
			);
			buildRules = (
			);
			dependencies = (
			);
			name = CircleRecruitment;
			packageProductDependencies = (
				9FDD2E282AC41D24002A1896 /* FirebaseAnalytics */,
				9FDD2E2A2AC41D24002A1896 /* FirebaseAnalyticsOnDeviceConversion */,
				9FDD2E2C2AC41D24002A1896 /* FirebaseAnalyticsSwift */,
				9FDD2E2E2AC41D24002A1896 /* FirebaseAnalyticsWithoutAdIdSupport */,
				9FDD2E302AC41D24002A1896 /* FirebaseAppCheck */,
				9FDD2E322AC41D24002A1896 /* FirebaseAppDistribution-Beta */,
				9FDD2E342AC41D24002A1896 /* FirebaseAuth */,
				9FDD2E362AC41D24002A1896 /* FirebaseAuthCombine-Community */,
				9FDD2E382AC41D24002A1896 /* FirebaseCrashlytics */,
				9FDD2E3A2AC41D24002A1896 /* FirebaseDatabase */,
				9FDD2E3C2AC41D24002A1896 /* FirebaseDatabaseSwift */,
				9FDD2E3E2AC41D24002A1896 /* FirebaseDynamicLinks */,
				9FDD2E402AC41D24002A1896 /* FirebaseFirestore */,
				9FDD2E422AC41D24002A1896 /* FirebaseFirestoreCombine-Community */,
				9FDD2E442AC41D24002A1896 /* FirebaseFirestoreSwift */,
				9FDD2E462AC41D24002A1896 /* FirebaseFunctions */,
				9FDD2E482AC41D24002A1896 /* FirebaseFunctionsCombine-Community */,
				9FDD2E4A2AC41D24002A1896 /* FirebaseInAppMessaging-Beta */,
				9FDD2E4C2AC41D24002A1896 /* FirebaseInAppMessagingSwift-Beta */,
				9FDD2E4E2AC41D24002A1896 /* FirebaseInstallations */,
				9FDD2E502AC41D24002A1896 /* FirebaseMLModelDownloader */,
				9FDD2E522AC41D24002A1896 /* FirebaseMessaging */,
				9FDD2E542AC41D24002A1896 /* FirebasePerformance */,
				9FDD2E562AC41D24002A1896 /* FirebaseRemoteConfig */,
				9FDD2E582AC41D24002A1896 /* FirebaseRemoteConfigSwift */,
				9FDD2E5A2AC41D24002A1896 /* FirebaseStorage */,
				9FDD2E5C2AC41D24002A1896 /* FirebaseStorageCombine-Community */,
			);
			productName = CircleRecruitment;
			productReference = 9FCB40272ABC317B00675679 /* CircleRecruitment.app */;
			productType = "com.apple.product-type.application";
		};
/* End PBXNativeTarget section */

/* Begin PBXProject section */
		9FCB401F2ABC317B00675679 /* Project object */ = {
			isa = PBXProject;
			attributes = {
				BuildIndependentTargetsInParallel = 1;
				LastSwiftUpdateCheck = 1500;
				LastUpgradeCheck = 1500;
				TargetAttributes = {
					9FCB40262ABC317B00675679 = {
						CreatedOnToolsVersion = 15.0;
					};
				};
			};
			buildConfigurationList = 9FCB40222ABC317B00675679 /* Build configuration list for PBXProject "CircleRecruitment" */;
			compatibilityVersion = "Xcode 14.0";
			developmentRegion = en;
			hasScannedForEncodings = 0;
			knownRegions = (
				en,
				Base,
			);
			mainGroup = 9FCB401E2ABC317B00675679;
			packageReferences = (
				9FDD2E272AC41D23002A1896 /* XCRemoteSwiftPackageReference "firebase-ios-sdk" */,
			);
			productRefGroup = 9FCB40282ABC317B00675679 /* Products */;
			projectDirPath = "";
			projectRoot = "";
			targets = (
				9FCB40262ABC317B00675679 /* CircleRecruitment */,
			);
		};
/* End PBXProject section */

/* Begin PBXResourcesBuildPhase section */
		9FCB40252ABC317B00675679 /* Resources */ = {
			isa = PBXResourcesBuildPhase;
			buildActionMask = 2147483647;
			files = (
				9FCB40322ABC317E00675679 /* Preview Assets.xcassets in Resources */,
				9FCB402F2ABC317E00675679 /* Assets.xcassets in Resources */,
				9FDD2E262AC41C68002A1896 /* GoogleService-Info.plist in Resources */,
			);
			runOnlyForDeploymentPostprocessing = 0;
		};
/* End PBXResourcesBuildPhase section */

/* Begin PBXSourcesBuildPhase section */
		9FCB40232ABC317B00675679 /* Sources */ = {
			isa = PBXSourcesBuildPhase;
			buildActionMask = 2147483647;
			files = (
				9F6893F42ABD865600B1A712 /* GroupAlertView.swift in Sources */,
				9F6893E62ABD856E00B1A712 /* GroupCategoryView.swift in Sources */,
				9F6893F02ABD85E900B1A712 /* GroupMembersEditView.swift in Sources */,
				9F6893E82ABD857E00B1A712 /* GroupNameView.swift in Sources */,
				9FDD2E242AC41591002A1896 /* GroupInfoViewModel.swift in Sources */,
				9FCB403A2ABC324300675679 /* GroupInfo.swift in Sources */,
				9FCB402D2ABC317B00675679 /* ContentView.swift in Sources */,
				9FCB402B2ABC317B00675679 /* CircleRecruitmentApp.swift in Sources */,
				9F6893F22ABD863400B1A712 /* GroupCheckFeeView.swift in Sources */,
				9F2D55012AC14FC50003148A /* GrewProgressViewStyle.swift in Sources */,
				9FDD2E222AC40090002A1896 /* LocationView.swift in Sources */,
				9F6893F62ABD868900B1A712 /* GroupAddressView.swift in Sources */,
			);
			runOnlyForDeploymentPostprocessing = 0;
		};
/* End PBXSourcesBuildPhase section */

/* Begin XCBuildConfiguration section */
		9FCB40332ABC317E00675679 /* Debug */ = {
			isa = XCBuildConfiguration;
			buildSettings = {
				ALWAYS_SEARCH_USER_PATHS = NO;
				ASSETCATALOG_COMPILER_GENERATE_SWIFT_ASSET_SYMBOL_EXTENSIONS = YES;
				CLANG_ANALYZER_NONNULL = YES;
				CLANG_ANALYZER_NUMBER_OBJECT_CONVERSION = YES_AGGRESSIVE;
				CLANG_CXX_LANGUAGE_STANDARD = "gnu++20";
				CLANG_ENABLE_MODULES = YES;
				CLANG_ENABLE_OBJC_ARC = YES;
				CLANG_ENABLE_OBJC_WEAK = YES;
				CLANG_WARN_BLOCK_CAPTURE_AUTORELEASING = YES;
				CLANG_WARN_BOOL_CONVERSION = YES;
				CLANG_WARN_COMMA = YES;
				CLANG_WARN_CONSTANT_CONVERSION = YES;
				CLANG_WARN_DEPRECATED_OBJC_IMPLEMENTATIONS = YES;
				CLANG_WARN_DIRECT_OBJC_ISA_USAGE = YES_ERROR;
				CLANG_WARN_DOCUMENTATION_COMMENTS = YES;
				CLANG_WARN_EMPTY_BODY = YES;
				CLANG_WARN_ENUM_CONVERSION = YES;
				CLANG_WARN_INFINITE_RECURSION = YES;
				CLANG_WARN_INT_CONVERSION = YES;
				CLANG_WARN_NON_LITERAL_NULL_CONVERSION = YES;
				CLANG_WARN_OBJC_IMPLICIT_RETAIN_SELF = YES;
				CLANG_WARN_OBJC_LITERAL_CONVERSION = YES;
				CLANG_WARN_OBJC_ROOT_CLASS = YES_ERROR;
				CLANG_WARN_QUOTED_INCLUDE_IN_FRAMEWORK_HEADER = YES;
				CLANG_WARN_RANGE_LOOP_ANALYSIS = YES;
				CLANG_WARN_STRICT_PROTOTYPES = YES;
				CLANG_WARN_SUSPICIOUS_MOVE = YES;
				CLANG_WARN_UNGUARDED_AVAILABILITY = YES_AGGRESSIVE;
				CLANG_WARN_UNREACHABLE_CODE = YES;
				CLANG_WARN__DUPLICATE_METHOD_MATCH = YES;
				COPY_PHASE_STRIP = NO;
				DEBUG_INFORMATION_FORMAT = dwarf;
				ENABLE_STRICT_OBJC_MSGSEND = YES;
				ENABLE_TESTABILITY = YES;
				ENABLE_USER_SCRIPT_SANDBOXING = YES;
				GCC_C_LANGUAGE_STANDARD = gnu17;
				GCC_DYNAMIC_NO_PIC = NO;
				GCC_NO_COMMON_BLOCKS = YES;
				GCC_OPTIMIZATION_LEVEL = 0;
				GCC_PREPROCESSOR_DEFINITIONS = (
					"DEBUG=1",
					"$(inherited)",
				);
				GCC_WARN_64_TO_32_BIT_CONVERSION = YES;
				GCC_WARN_ABOUT_RETURN_TYPE = YES_ERROR;
				GCC_WARN_UNDECLARED_SELECTOR = YES;
				GCC_WARN_UNINITIALIZED_AUTOS = YES_AGGRESSIVE;
				GCC_WARN_UNUSED_FUNCTION = YES;
				GCC_WARN_UNUSED_VARIABLE = YES;
				IPHONEOS_DEPLOYMENT_TARGET = 17.0;
				LOCALIZATION_PREFERS_STRING_CATALOGS = YES;
				MTL_ENABLE_DEBUG_INFO = INCLUDE_SOURCE;
				MTL_FAST_MATH = YES;
				ONLY_ACTIVE_ARCH = YES;
				SDKROOT = iphoneos;
				SWIFT_ACTIVE_COMPILATION_CONDITIONS = "DEBUG $(inherited)";
				SWIFT_OPTIMIZATION_LEVEL = "-Onone";
			};
			name = Debug;
		};
		9FCB40342ABC317E00675679 /* Release */ = {
			isa = XCBuildConfiguration;
			buildSettings = {
				ALWAYS_SEARCH_USER_PATHS = NO;
				ASSETCATALOG_COMPILER_GENERATE_SWIFT_ASSET_SYMBOL_EXTENSIONS = YES;
				CLANG_ANALYZER_NONNULL = YES;
				CLANG_ANALYZER_NUMBER_OBJECT_CONVERSION = YES_AGGRESSIVE;
				CLANG_CXX_LANGUAGE_STANDARD = "gnu++20";
				CLANG_ENABLE_MODULES = YES;
				CLANG_ENABLE_OBJC_ARC = YES;
				CLANG_ENABLE_OBJC_WEAK = YES;
				CLANG_WARN_BLOCK_CAPTURE_AUTORELEASING = YES;
				CLANG_WARN_BOOL_CONVERSION = YES;
				CLANG_WARN_COMMA = YES;
				CLANG_WARN_CONSTANT_CONVERSION = YES;
				CLANG_WARN_DEPRECATED_OBJC_IMPLEMENTATIONS = YES;
				CLANG_WARN_DIRECT_OBJC_ISA_USAGE = YES_ERROR;
				CLANG_WARN_DOCUMENTATION_COMMENTS = YES;
				CLANG_WARN_EMPTY_BODY = YES;
				CLANG_WARN_ENUM_CONVERSION = YES;
				CLANG_WARN_INFINITE_RECURSION = YES;
				CLANG_WARN_INT_CONVERSION = YES;
				CLANG_WARN_NON_LITERAL_NULL_CONVERSION = YES;
				CLANG_WARN_OBJC_IMPLICIT_RETAIN_SELF = YES;
				CLANG_WARN_OBJC_LITERAL_CONVERSION = YES;
				CLANG_WARN_OBJC_ROOT_CLASS = YES_ERROR;
				CLANG_WARN_QUOTED_INCLUDE_IN_FRAMEWORK_HEADER = YES;
				CLANG_WARN_RANGE_LOOP_ANALYSIS = YES;
				CLANG_WARN_STRICT_PROTOTYPES = YES;
				CLANG_WARN_SUSPICIOUS_MOVE = YES;
				CLANG_WARN_UNGUARDED_AVAILABILITY = YES_AGGRESSIVE;
				CLANG_WARN_UNREACHABLE_CODE = YES;
				CLANG_WARN__DUPLICATE_METHOD_MATCH = YES;
				COPY_PHASE_STRIP = NO;
				DEBUG_INFORMATION_FORMAT = "dwarf-with-dsym";
				ENABLE_NS_ASSERTIONS = NO;
				ENABLE_STRICT_OBJC_MSGSEND = YES;
				ENABLE_USER_SCRIPT_SANDBOXING = YES;
				GCC_C_LANGUAGE_STANDARD = gnu17;
				GCC_NO_COMMON_BLOCKS = YES;
				GCC_WARN_64_TO_32_BIT_CONVERSION = YES;
				GCC_WARN_ABOUT_RETURN_TYPE = YES_ERROR;
				GCC_WARN_UNDECLARED_SELECTOR = YES;
				GCC_WARN_UNINITIALIZED_AUTOS = YES_AGGRESSIVE;
				GCC_WARN_UNUSED_FUNCTION = YES;
				GCC_WARN_UNUSED_VARIABLE = YES;
				IPHONEOS_DEPLOYMENT_TARGET = 17.0;
				LOCALIZATION_PREFERS_STRING_CATALOGS = YES;
				MTL_ENABLE_DEBUG_INFO = NO;
				MTL_FAST_MATH = YES;
				SDKROOT = iphoneos;
				SWIFT_COMPILATION_MODE = wholemodule;
				VALIDATE_PRODUCT = YES;
			};
			name = Release;
		};
		9FCB40362ABC317E00675679 /* Debug */ = {
			isa = XCBuildConfiguration;
			buildSettings = {
				ASSETCATALOG_COMPILER_APPICON_NAME = AppIcon;
				ASSETCATALOG_COMPILER_GLOBAL_ACCENT_COLOR_NAME = AccentColor;
				CODE_SIGN_STYLE = Automatic;
				CURRENT_PROJECT_VERSION = 1;
				DEVELOPMENT_ASSET_PATHS = "\"CircleRecruitment/Preview Content\"";
				DEVELOPMENT_TEAM = 5FQ638367L;
				ENABLE_PREVIEWS = YES;
				GENERATE_INFOPLIST_FILE = YES;
				INFOPLIST_KEY_UIApplicationSceneManifest_Generation = YES;
				INFOPLIST_KEY_UIApplicationSupportsIndirectInputEvents = YES;
				INFOPLIST_KEY_UILaunchScreen_Generation = YES;
				INFOPLIST_KEY_UISupportedInterfaceOrientations_iPad = "UIInterfaceOrientationPortrait UIInterfaceOrientationPortraitUpsideDown UIInterfaceOrientationLandscapeLeft UIInterfaceOrientationLandscapeRight";
				INFOPLIST_KEY_UISupportedInterfaceOrientations_iPhone = "UIInterfaceOrientationPortrait UIInterfaceOrientationLandscapeLeft UIInterfaceOrientationLandscapeRight";
				LD_RUNPATH_SEARCH_PATHS = (
					"$(inherited)",
					"@executable_path/Frameworks",
				);
				MARKETING_VERSION = 1.0;
				PRODUCT_BUNDLE_IDENTIFIER = com.kangho.CircleRecruitment;
				PRODUCT_NAME = "$(TARGET_NAME)";
				SWIFT_EMIT_LOC_STRINGS = YES;
				SWIFT_VERSION = 5.0;
				TARGETED_DEVICE_FAMILY = "1,2";
			};
			name = Debug;
		};
		9FCB40372ABC317E00675679 /* Release */ = {
			isa = XCBuildConfiguration;
			buildSettings = {
				ASSETCATALOG_COMPILER_APPICON_NAME = AppIcon;
				ASSETCATALOG_COMPILER_GLOBAL_ACCENT_COLOR_NAME = AccentColor;
				CODE_SIGN_STYLE = Automatic;
				CURRENT_PROJECT_VERSION = 1;
				DEVELOPMENT_ASSET_PATHS = "\"CircleRecruitment/Preview Content\"";
				DEVELOPMENT_TEAM = 5FQ638367L;
				ENABLE_PREVIEWS = YES;
				GENERATE_INFOPLIST_FILE = YES;
				INFOPLIST_KEY_UIApplicationSceneManifest_Generation = YES;
				INFOPLIST_KEY_UIApplicationSupportsIndirectInputEvents = YES;
				INFOPLIST_KEY_UILaunchScreen_Generation = YES;
				INFOPLIST_KEY_UISupportedInterfaceOrientations_iPad = "UIInterfaceOrientationPortrait UIInterfaceOrientationPortraitUpsideDown UIInterfaceOrientationLandscapeLeft UIInterfaceOrientationLandscapeRight";
				INFOPLIST_KEY_UISupportedInterfaceOrientations_iPhone = "UIInterfaceOrientationPortrait UIInterfaceOrientationLandscapeLeft UIInterfaceOrientationLandscapeRight";
				LD_RUNPATH_SEARCH_PATHS = (
					"$(inherited)",
					"@executable_path/Frameworks",
				);
				MARKETING_VERSION = 1.0;
				PRODUCT_BUNDLE_IDENTIFIER = com.kangho.CircleRecruitment;
				PRODUCT_NAME = "$(TARGET_NAME)";
				SWIFT_EMIT_LOC_STRINGS = YES;
				SWIFT_VERSION = 5.0;
				TARGETED_DEVICE_FAMILY = "1,2";
			};
			name = Release;
		};
/* End XCBuildConfiguration section */

/* Begin XCConfigurationList section */
		9FCB40222ABC317B00675679 /* Build configuration list for PBXProject "CircleRecruitment" */ = {
			isa = XCConfigurationList;
			buildConfigurations = (
				9FCB40332ABC317E00675679 /* Debug */,
				9FCB40342ABC317E00675679 /* Release */,
			);
			defaultConfigurationIsVisible = 0;
			defaultConfigurationName = Release;
		};
		9FCB40352ABC317E00675679 /* Build configuration list for PBXNativeTarget "CircleRecruitment" */ = {
			isa = XCConfigurationList;
			buildConfigurations = (
				9FCB40362ABC317E00675679 /* Debug */,
				9FCB40372ABC317E00675679 /* Release */,
			);
			defaultConfigurationIsVisible = 0;
			defaultConfigurationName = Release;
		};
/* End XCConfigurationList section */

/* Begin XCRemoteSwiftPackageReference section */
		9FDD2E272AC41D23002A1896 /* XCRemoteSwiftPackageReference "firebase-ios-sdk" */ = {
			isa = XCRemoteSwiftPackageReference;
			repositoryURL = "https://github.com/firebase/firebase-ios-sdk";
			requirement = {
				kind = upToNextMajorVersion;
				minimumVersion = 10.15.0;
			};
		};
/* End XCRemoteSwiftPackageReference section */

/* Begin XCSwiftPackageProductDependency section */
		9FDD2E282AC41D24002A1896 /* FirebaseAnalytics */ = {
			isa = XCSwiftPackageProductDependency;
			package = 9FDD2E272AC41D23002A1896 /* XCRemoteSwiftPackageReference "firebase-ios-sdk" */;
			productName = FirebaseAnalytics;
		};
		9FDD2E2A2AC41D24002A1896 /* FirebaseAnalyticsOnDeviceConversion */ = {
			isa = XCSwiftPackageProductDependency;
			package = 9FDD2E272AC41D23002A1896 /* XCRemoteSwiftPackageReference "firebase-ios-sdk" */;
			productName = FirebaseAnalyticsOnDeviceConversion;
		};
		9FDD2E2C2AC41D24002A1896 /* FirebaseAnalyticsSwift */ = {
			isa = XCSwiftPackageProductDependency;
			package = 9FDD2E272AC41D23002A1896 /* XCRemoteSwiftPackageReference "firebase-ios-sdk" */;
			productName = FirebaseAnalyticsSwift;
		};
		9FDD2E2E2AC41D24002A1896 /* FirebaseAnalyticsWithoutAdIdSupport */ = {
			isa = XCSwiftPackageProductDependency;
			package = 9FDD2E272AC41D23002A1896 /* XCRemoteSwiftPackageReference "firebase-ios-sdk" */;
			productName = FirebaseAnalyticsWithoutAdIdSupport;
		};
		9FDD2E302AC41D24002A1896 /* FirebaseAppCheck */ = {
			isa = XCSwiftPackageProductDependency;
			package = 9FDD2E272AC41D23002A1896 /* XCRemoteSwiftPackageReference "firebase-ios-sdk" */;
			productName = FirebaseAppCheck;
		};
		9FDD2E322AC41D24002A1896 /* FirebaseAppDistribution-Beta */ = {
			isa = XCSwiftPackageProductDependency;
			package = 9FDD2E272AC41D23002A1896 /* XCRemoteSwiftPackageReference "firebase-ios-sdk" */;
			productName = "FirebaseAppDistribution-Beta";
		};
		9FDD2E342AC41D24002A1896 /* FirebaseAuth */ = {
			isa = XCSwiftPackageProductDependency;
			package = 9FDD2E272AC41D23002A1896 /* XCRemoteSwiftPackageReference "firebase-ios-sdk" */;
			productName = FirebaseAuth;
		};
		9FDD2E362AC41D24002A1896 /* FirebaseAuthCombine-Community */ = {
			isa = XCSwiftPackageProductDependency;
			package = 9FDD2E272AC41D23002A1896 /* XCRemoteSwiftPackageReference "firebase-ios-sdk" */;
			productName = "FirebaseAuthCombine-Community";
		};
		9FDD2E382AC41D24002A1896 /* FirebaseCrashlytics */ = {
			isa = XCSwiftPackageProductDependency;
			package = 9FDD2E272AC41D23002A1896 /* XCRemoteSwiftPackageReference "firebase-ios-sdk" */;
			productName = FirebaseCrashlytics;
		};
		9FDD2E3A2AC41D24002A1896 /* FirebaseDatabase */ = {
			isa = XCSwiftPackageProductDependency;
			package = 9FDD2E272AC41D23002A1896 /* XCRemoteSwiftPackageReference "firebase-ios-sdk" */;
			productName = FirebaseDatabase;
		};
		9FDD2E3C2AC41D24002A1896 /* FirebaseDatabaseSwift */ = {
			isa = XCSwiftPackageProductDependency;
			package = 9FDD2E272AC41D23002A1896 /* XCRemoteSwiftPackageReference "firebase-ios-sdk" */;
			productName = FirebaseDatabaseSwift;
		};
		9FDD2E3E2AC41D24002A1896 /* FirebaseDynamicLinks */ = {
			isa = XCSwiftPackageProductDependency;
			package = 9FDD2E272AC41D23002A1896 /* XCRemoteSwiftPackageReference "firebase-ios-sdk" */;
			productName = FirebaseDynamicLinks;
		};
		9FDD2E402AC41D24002A1896 /* FirebaseFirestore */ = {
			isa = XCSwiftPackageProductDependency;
			package = 9FDD2E272AC41D23002A1896 /* XCRemoteSwiftPackageReference "firebase-ios-sdk" */;
			productName = FirebaseFirestore;
		};
		9FDD2E422AC41D24002A1896 /* FirebaseFirestoreCombine-Community */ = {
			isa = XCSwiftPackageProductDependency;
			package = 9FDD2E272AC41D23002A1896 /* XCRemoteSwiftPackageReference "firebase-ios-sdk" */;
			productName = "FirebaseFirestoreCombine-Community";
		};
		9FDD2E442AC41D24002A1896 /* FirebaseFirestoreSwift */ = {
			isa = XCSwiftPackageProductDependency;
			package = 9FDD2E272AC41D23002A1896 /* XCRemoteSwiftPackageReference "firebase-ios-sdk" */;
			productName = FirebaseFirestoreSwift;
		};
		9FDD2E462AC41D24002A1896 /* FirebaseFunctions */ = {
			isa = XCSwiftPackageProductDependency;
			package = 9FDD2E272AC41D23002A1896 /* XCRemoteSwiftPackageReference "firebase-ios-sdk" */;
			productName = FirebaseFunctions;
		};
		9FDD2E482AC41D24002A1896 /* FirebaseFunctionsCombine-Community */ = {
			isa = XCSwiftPackageProductDependency;
			package = 9FDD2E272AC41D23002A1896 /* XCRemoteSwiftPackageReference "firebase-ios-sdk" */;
			productName = "FirebaseFunctionsCombine-Community";
		};
		9FDD2E4A2AC41D24002A1896 /* FirebaseInAppMessaging-Beta */ = {
			isa = XCSwiftPackageProductDependency;
			package = 9FDD2E272AC41D23002A1896 /* XCRemoteSwiftPackageReference "firebase-ios-sdk" */;
			productName = "FirebaseInAppMessaging-Beta";
		};
		9FDD2E4C2AC41D24002A1896 /* FirebaseInAppMessagingSwift-Beta */ = {
			isa = XCSwiftPackageProductDependency;
			package = 9FDD2E272AC41D23002A1896 /* XCRemoteSwiftPackageReference "firebase-ios-sdk" */;
			productName = "FirebaseInAppMessagingSwift-Beta";
		};
		9FDD2E4E2AC41D24002A1896 /* FirebaseInstallations */ = {
			isa = XCSwiftPackageProductDependency;
			package = 9FDD2E272AC41D23002A1896 /* XCRemoteSwiftPackageReference "firebase-ios-sdk" */;
			productName = FirebaseInstallations;
		};
		9FDD2E502AC41D24002A1896 /* FirebaseMLModelDownloader */ = {
			isa = XCSwiftPackageProductDependency;
			package = 9FDD2E272AC41D23002A1896 /* XCRemoteSwiftPackageReference "firebase-ios-sdk" */;
			productName = FirebaseMLModelDownloader;
		};
		9FDD2E522AC41D24002A1896 /* FirebaseMessaging */ = {
			isa = XCSwiftPackageProductDependency;
			package = 9FDD2E272AC41D23002A1896 /* XCRemoteSwiftPackageReference "firebase-ios-sdk" */;
			productName = FirebaseMessaging;
		};
		9FDD2E542AC41D24002A1896 /* FirebasePerformance */ = {
			isa = XCSwiftPackageProductDependency;
			package = 9FDD2E272AC41D23002A1896 /* XCRemoteSwiftPackageReference "firebase-ios-sdk" */;
			productName = FirebasePerformance;
		};
		9FDD2E562AC41D24002A1896 /* FirebaseRemoteConfig */ = {
			isa = XCSwiftPackageProductDependency;
			package = 9FDD2E272AC41D23002A1896 /* XCRemoteSwiftPackageReference "firebase-ios-sdk" */;
			productName = FirebaseRemoteConfig;
		};
		9FDD2E582AC41D24002A1896 /* FirebaseRemoteConfigSwift */ = {
			isa = XCSwiftPackageProductDependency;
			package = 9FDD2E272AC41D23002A1896 /* XCRemoteSwiftPackageReference "firebase-ios-sdk" */;
			productName = FirebaseRemoteConfigSwift;
		};
		9FDD2E5A2AC41D24002A1896 /* FirebaseStorage */ = {
			isa = XCSwiftPackageProductDependency;
			package = 9FDD2E272AC41D23002A1896 /* XCRemoteSwiftPackageReference "firebase-ios-sdk" */;
			productName = FirebaseStorage;
		};
		9FDD2E5C2AC41D24002A1896 /* FirebaseStorageCombine-Community */ = {
			isa = XCSwiftPackageProductDependency;
			package = 9FDD2E272AC41D23002A1896 /* XCRemoteSwiftPackageReference "firebase-ios-sdk" */;
			productName = "FirebaseStorageCombine-Community";
		};
/* End XCSwiftPackageProductDependency section */
	};
	rootObject = 9FCB401F2ABC317B00675679 /* Project object */;
}
